
Microsoft Visual Studio Solution File, Format Version 12.00
# Visual Studio Version 16
VisualStudioVersion = 16.0.30621.155
MinimumVisualStudioVersion = 10.0.40219.1
Project("{FAE04EC0-301F-11D3-BF4B-00C04F79EFBC}") = "Vehicles", "Vehicles\Vehicles.csproj", "{358AAC9C-3763-4EA1-9685-A2AF6153BB34}"
EndProject
Project("{FAE04EC0-301F-11D3-BF4B-00C04F79EFBC}") = "Raiding", "Raiding\Raiding.csproj", "{80B67923-DB4B-4326-BE5A-B48BF7A7951B}"
EndProject
Project("{FAE04EC0-301F-11D3-BF4B-00C04F79EFBC}") = "WildFarm", "WildFarm\WildFarm.csproj", "{AA143CFB-98CB-43A4-89BB-DBCE7A922189}"
EndProject
Global
	GlobalSection(SolutionConfigurationPlatforms) = preSolution
		Debug|Any CPU = Debug|Any CPU
		Release|Any CPU = Release|Any CPU
	EndGlobalSection
	GlobalSection(ProjectConfigurationPlatforms) = postSolution
		{358AAC9C-3763-4EA1-9685-A2AF6153BB34}.Debug|Any CPU.ActiveCfg = Debug|Any CPU
		{358AAC9C-3763-4EA1-9685-A2AF6153BB34}.Debug|Any CPU.Build.0 = Debug|Any CPU
		{358AAC9C-3763-4EA1-9685-A2AF6153BB34}.Release|Any CPU.ActiveCfg = Release|Any CPU
		{358AAC9C-3763-4EA1-9685-A2AF6153BB34}.Release|Any CPU.Build.0 = Release|Any CPU
		{80B67923-DB4B-4326-BE5A-B48BF7A7951B}.Debug|Any CPU.ActiveCfg = Debug|Any CPU
		{80B67923-DB4B-4326-BE5A-B48BF7A7951B}.Debug|Any CPU.Build.0 = Debug|Any CPU
		{80B67923-DB4B-4326-BE5A-B48BF7A7951B}.Release|Any CPU.ActiveCfg = Release|Any CPU
		{80B67923-DB4B-4326-BE5A-B48BF7A7951B}.Release|Any CPU.Build.0 = Release|Any CPU
		{AA143CFB-98CB-43A4-89BB-DBCE7A922189}.Debug|Any CPU.ActiveCfg = Debug|Any CPU
		{AA143CFB-98CB-43A4-89BB-DBCE7A922189}.Debug|Any CPU.Build.0 = Debug|Any CPU
		{AA143CFB-98CB-43A4-89BB-DBCE7A922189}.Release|Any CPU.ActiveCfg = Release|Any CPU
		{AA143CFB-98CB-43A4-89BB-DBCE7A922189}.Release|Any CPU.Build.0 = Release|Any CPU
	EndGlobalSection
	GlobalSection(SolutionProperties) = preSolution
		HideSolutionNode = FALSE
	EndGlobalSection
	GlobalSection(ExtensibilityGlobals) = postSolution
		SolutionGuid = {3A7E8C89-E088-46AB-8AB6-9B1B308766A1}
	EndGlobalSection
EndGlobal
