
Microsoft Visual Studio Solution File, Format Version 12.00
# Visual Studio Version 16
VisualStudioVersion = 16.0.30621.155
MinimumVisualStudioVersion = 10.0.40219.1
Project("{9A19103F-16F7-4668-BE54-9A1E7A4F7556}") = "ShoppingSpree", "3. Shopping Spree\ShoppingSpree.csproj", "{F468105E-BD60-43CA-B47F-EB1876D4516E}"
EndProject
Project("{9A19103F-16F7-4668-BE54-9A1E7A4F7556}") = "PizzaCalories", "4. Pizza Calories\PizzaCalories.csproj", "{E9037DF4-4869-4175-993A-4D5A694D5027}"
EndProject
Project("{9A19103F-16F7-4668-BE54-9A1E7A4F7556}") = "FootballTeamGenerator", "5. Football Team Generator\FootballTeamGenerator.csproj", "{B8388DB3-28D6-4D26-912F-6BB438264013}"
EndProject
Project("{9A19103F-16F7-4668-BE54-9A1E7A4F7556}") = "ClassBoxData", "1. Class Box Data\ClassBoxData.csproj", "{299446B0-FF8E-463B-A8E8-032C100A2C8B}"
EndProject
Project("{9A19103F-16F7-4668-BE54-9A1E7A4F7556}") = "AnimalFarm", "2. Animal Farm\AnimalFarm.csproj", "{52A6A9FD-EB8D-494A-8319-A5FFFBD01E8D}"
EndProject
Global
	GlobalSection(SolutionConfigurationPlatforms) = preSolution
		Debug|Any CPU = Debug|Any CPU
		Release|Any CPU = Release|Any CPU
	EndGlobalSection
	GlobalSection(ProjectConfigurationPlatforms) = postSolution
		{F468105E-BD60-43CA-B47F-EB1876D4516E}.Debug|Any CPU.ActiveCfg = Debug|Any CPU
		{F468105E-BD60-43CA-B47F-EB1876D4516E}.Debug|Any CPU.Build.0 = Debug|Any CPU
		{F468105E-BD60-43CA-B47F-EB1876D4516E}.Release|Any CPU.ActiveCfg = Release|Any CPU
		{F468105E-BD60-43CA-B47F-EB1876D4516E}.Release|Any CPU.Build.0 = Release|Any CPU
		{E9037DF4-4869-4175-993A-4D5A694D5027}.Debug|Any CPU.ActiveCfg = Debug|Any CPU
		{E9037DF4-4869-4175-993A-4D5A694D5027}.Debug|Any CPU.Build.0 = Debug|Any CPU
		{E9037DF4-4869-4175-993A-4D5A694D5027}.Release|Any CPU.ActiveCfg = Release|Any CPU
		{E9037DF4-4869-4175-993A-4D5A694D5027}.Release|Any CPU.Build.0 = Release|Any CPU
		{B8388DB3-28D6-4D26-912F-6BB438264013}.Debug|Any CPU.ActiveCfg = Debug|Any CPU
		{B8388DB3-28D6-4D26-912F-6BB438264013}.Debug|Any CPU.Build.0 = Debug|Any CPU
		{B8388DB3-28D6-4D26-912F-6BB438264013}.Release|Any CPU.ActiveCfg = Release|Any CPU
		{B8388DB3-28D6-4D26-912F-6BB438264013}.Release|Any CPU.Build.0 = Release|Any CPU
		{299446B0-FF8E-463B-A8E8-032C100A2C8B}.Debug|Any CPU.ActiveCfg = Debug|Any CPU
		{299446B0-FF8E-463B-A8E8-032C100A2C8B}.Debug|Any CPU.Build.0 = Debug|Any CPU
		{299446B0-FF8E-463B-A8E8-032C100A2C8B}.Release|Any CPU.ActiveCfg = Release|Any CPU
		{299446B0-FF8E-463B-A8E8-032C100A2C8B}.Release|Any CPU.Build.0 = Release|Any CPU
		{52A6A9FD-EB8D-494A-8319-A5FFFBD01E8D}.Debug|Any CPU.ActiveCfg = Debug|Any CPU
		{52A6A9FD-EB8D-494A-8319-A5FFFBD01E8D}.Debug|Any CPU.Build.0 = Debug|Any CPU
		{52A6A9FD-EB8D-494A-8319-A5FFFBD01E8D}.Release|Any CPU.ActiveCfg = Release|Any CPU
		{52A6A9FD-EB8D-494A-8319-A5FFFBD01E8D}.Release|Any CPU.Build.0 = Release|Any CPU
	EndGlobalSection
	GlobalSection(SolutionProperties) = preSolution
		HideSolutionNode = FALSE
	EndGlobalSection
	GlobalSection(ExtensibilityGlobals) = postSolution
		SolutionGuid = {949EC38A-F13B-46AA-9DE8-BAA3AE24166F}
	EndGlobalSection
EndGlobal
